
Microsoft Visual Studio Solution File, Format Version 12.00
# Visual Studio Version 17
VisualStudioVersion = 17.3.32811.315
MinimumVisualStudioVersion = 10.0.40219.1
Project("{FAE04EC0-301F-11D3-BF4B-00C04F79EFBC}") = "Eksamen1", "Eksamen1\Eksamen1.csproj", "{F92376BB-5168-4314-B772-5DB6EA027627}"
EndProject
Global
	GlobalSection(SolutionConfigurationPlatforms) = preSolution
		Debug|Any CPU = Debug|Any CPU
		Release|Any CPU = Release|Any CPU
	EndGlobalSection
	GlobalSection(ProjectConfigurationPlatforms) = postSolution
		{F92376BB-5168-4314-B772-5DB6EA027627}.Debug|Any CPU.ActiveCfg = Debug|Any CPU
		{F92376BB-5168-4314-B772-5DB6EA027627}.Debug|Any CPU.Build.0 = Debug|Any CPU
		{F92376BB-5168-4314-B772-5DB6EA027627}.Release|Any CPU.ActiveCfg = Release|Any CPU
		{F92376BB-5168-4314-B772-5DB6EA027627}.Release|Any CPU.Build.0 = Release|Any CPU
	EndGlobalSection
	GlobalSection(SolutionProperties) = preSolution
		HideSolutionNode = FALSE
	EndGlobalSection
	GlobalSection(ExtensibilityGlobals) = postSolution
		SolutionGuid = {93E0E8C4-B005-4B93-9483-85E2726F06F7}
	EndGlobalSection
EndGlobal
